
Microsoft Visual Studio Solution File, Format Version 12.00
# Visual Studio 15
VisualStudioVersion = 15.0.28307.902
MinimumVisualStudioVersion = 10.0.40219.1
Project("{FAE04EC0-301F-11D3-BF4B-00C04F79EFBC}") = "Sowa.Android", "Sowa\Sowa.Android\Sowa.Android.csproj", "{D49F3248-B196-4C62-844C-E5D6253C0B15}"
EndProject
Project("{9A19103F-16F7-4668-BE54-9A1E7A4F7556}") = "Sowa", "Sowa\Sowa\Sowa.csproj", "{2BD7DD6A-1F1B-4E36-B728-AB904C66C2CA}"
EndProject
Project("{FAE04EC0-301F-11D3-BF4B-00C04F79EFBC}") = "Serwer", "Serwer\Serwer.csproj", "{9CC13F1C-D8DE-4A26-AB9A-01B492E65E5C}"
EndProject
Global
	GlobalSection(SolutionConfigurationPlatforms) = preSolution
		Ad-Hoc|Any CPU = Ad-Hoc|Any CPU
		Ad-Hoc|iPhone = Ad-Hoc|iPhone
		Ad-Hoc|iPhoneSimulator = Ad-Hoc|iPhoneSimulator
		AppStore|Any CPU = AppStore|Any CPU
		AppStore|iPhone = AppStore|iPhone
		AppStore|iPhoneSimulator = AppStore|iPhoneSimulator
		Debug|Any CPU = Debug|Any CPU
		Debug|iPhone = Debug|iPhone
		Debug|iPhoneSimulator = Debug|iPhoneSimulator
		Release|Any CPU = Release|Any CPU
		Release|iPhone = Release|iPhone
		Release|iPhoneSimulator = Release|iPhoneSimulator
	EndGlobalSection
	GlobalSection(ProjectConfigurationPlatforms) = postSolution
		{D49F3248-B196-4C62-844C-E5D6253C0B15}.Ad-Hoc|Any CPU.ActiveCfg = Release|Any CPU
		{D49F3248-B196-4C62-844C-E5D6253C0B15}.Ad-Hoc|Any CPU.Build.0 = Release|Any CPU
		{D49F3248-B196-4C62-844C-E5D6253C0B15}.Ad-Hoc|Any CPU.Deploy.0 = Release|Any CPU
		{D49F3248-B196-4C62-844C-E5D6253C0B15}.Ad-Hoc|iPhone.ActiveCfg = Release|Any CPU
		{D49F3248-B196-4C62-844C-E5D6253C0B15}.Ad-Hoc|iPhone.Build.0 = Release|Any CPU
		{D49F3248-B196-4C62-844C-E5D6253C0B15}.Ad-Hoc|iPhone.Deploy.0 = Release|Any CPU
		{D49F3248-B196-4C62-844C-E5D6253C0B15}.Ad-Hoc|iPhoneSimulator.ActiveCfg = Release|Any CPU
		{D49F3248-B196-4C62-844C-E5D6253C0B15}.Ad-Hoc|iPhoneSimulator.Build.0 = Release|Any CPU
		{D49F3248-B196-4C62-844C-E5D6253C0B15}.Ad-Hoc|iPhoneSimulator.Deploy.0 = Release|Any CPU
		{D49F3248-B196-4C62-844C-E5D6253C0B15}.AppStore|Any CPU.ActiveCfg = Release|Any CPU
		{D49F3248-B196-4C62-844C-E5D6253C0B15}.AppStore|Any CPU.Build.0 = Release|Any CPU
		{D49F3248-B196-4C62-844C-E5D6253C0B15}.AppStore|Any CPU.Deploy.0 = Release|Any CPU
		{D49F3248-B196-4C62-844C-E5D6253C0B15}.AppStore|iPhone.ActiveCfg = Release|Any CPU
		{D49F3248-B196-4C62-844C-E5D6253C0B15}.AppStore|iPhone.Build.0 = Release|Any CPU
		{D49F3248-B196-4C62-844C-E5D6253C0B15}.AppStore|iPhone.Deploy.0 = Release|Any CPU
		{D49F3248-B196-4C62-844C-E5D6253C0B15}.AppStore|iPhoneSimulator.ActiveCfg = Release|Any CPU
		{D49F3248-B196-4C62-844C-E5D6253C0B15}.AppStore|iPhoneSimulator.Build.0 = Release|Any CPU
		{D49F3248-B196-4C62-844C-E5D6253C0B15}.AppStore|iPhoneSimulator.Deploy.0 = Release|Any CPU
		{D49F3248-B196-4C62-844C-E5D6253C0B15}.Debug|Any CPU.ActiveCfg = Debug|Any CPU
		{D49F3248-B196-4C62-844C-E5D6253C0B15}.Debug|Any CPU.Build.0 = Debug|Any CPU
		{D49F3248-B196-4C62-844C-E5D6253C0B15}.Debug|Any CPU.Deploy.0 = Debug|Any CPU
		{D49F3248-B196-4C62-844C-E5D6253C0B15}.Debug|iPhone.ActiveCfg = Debug|Any CPU
		{D49F3248-B196-4C62-844C-E5D6253C0B15}.Debug|iPhone.Build.0 = Debug|Any CPU
		{D49F3248-B196-4C62-844C-E5D6253C0B15}.Debug|iPhone.Deploy.0 = Debug|Any CPU
		{D49F3248-B196-4C62-844C-E5D6253C0B15}.Debug|iPhoneSimulator.ActiveCfg = Debug|Any CPU
		{D49F3248-B196-4C62-844C-E5D6253C0B15}.Debug|iPhoneSimulator.Build.0 = Debug|Any CPU
		{D49F3248-B196-4C62-844C-E5D6253C0B15}.Debug|iPhoneSimulator.Deploy.0 = Debug|Any CPU
		{D49F3248-B196-4C62-844C-E5D6253C0B15}.Release|Any CPU.ActiveCfg = Release|Any CPU
		{D49F3248-B196-4C62-844C-E5D6253C0B15}.Release|Any CPU.Build.0 = Release|Any CPU
		{D49F3248-B196-4C62-844C-E5D6253C0B15}.Release|Any CPU.Deploy.0 = Release|Any CPU
		{D49F3248-B196-4C62-844C-E5D6253C0B15}.Release|iPhone.ActiveCfg = Release|Any CPU
		{D49F3248-B196-4C62-844C-E5D6253C0B15}.Release|iPhone.Build.0 = Release|Any CPU
		{D49F3248-B196-4C62-844C-E5D6253C0B15}.Release|iPhone.Deploy.0 = Release|Any CPU
		{D49F3248-B196-4C62-844C-E5D6253C0B15}.Release|iPhoneSimulator.ActiveCfg = Release|Any CPU
		{D49F3248-B196-4C62-844C-E5D6253C0B15}.Release|iPhoneSimulator.Build.0 = Release|Any CPU
		{D49F3248-B196-4C62-844C-E5D6253C0B15}.Release|iPhoneSimulator.Deploy.0 = Release|Any CPU
		{2BD7DD6A-1F1B-4E36-B728-AB904C66C2CA}.Ad-Hoc|Any CPU.ActiveCfg = Debug|Any CPU
		{2BD7DD6A-1F1B-4E36-B728-AB904C66C2CA}.Ad-Hoc|Any CPU.Build.0 = Debug|Any CPU
		{2BD7DD6A-1F1B-4E36-B728-AB904C66C2CA}.Ad-Hoc|Any CPU.Deploy.0 = Debug|Any CPU
		{2BD7DD6A-1F1B-4E36-B728-AB904C66C2CA}.Ad-Hoc|iPhone.ActiveCfg = Debug|Any CPU
		{2BD7DD6A-1F1B-4E36-B728-AB904C66C2CA}.Ad-Hoc|iPhone.Build.0 = Debug|Any CPU
		{2BD7DD6A-1F1B-4E36-B728-AB904C66C2CA}.Ad-Hoc|iPhone.Deploy.0 = Debug|Any CPU
		{2BD7DD6A-1F1B-4E36-B728-AB904C66C2CA}.Ad-Hoc|iPhoneSimulator.ActiveCfg = Debug|Any CPU
		{2BD7DD6A-1F1B-4E36-B728-AB904C66C2CA}.Ad-Hoc|iPhoneSimulator.Build.0 = Debug|Any CPU
		{2BD7DD6A-1F1B-4E36-B728-AB904C66C2CA}.Ad-Hoc|iPhoneSimulator.Deploy.0 = Debug|Any CPU
		{2BD7DD6A-1F1B-4E36-B728-AB904C66C2CA}.AppStore|Any CPU.ActiveCfg = Debug|Any CPU
		{2BD7DD6A-1F1B-4E36-B728-AB904C66C2CA}.AppStore|Any CPU.Build.0 = Debug|Any CPU
		{2BD7DD6A-1F1B-4E36-B728-AB904C66C2CA}.AppStore|Any CPU.Deploy.0 = Debug|Any CPU
		{2BD7DD6A-1F1B-4E36-B728-AB904C66C2CA}.AppStore|iPhone.ActiveCfg = Debug|Any CPU
		{2BD7DD6A-1F1B-4E36-B728-AB904C66C2CA}.AppStore|iPhone.Build.0 = Debug|Any CPU
		{2BD7DD6A-1F1B-4E36-B728-AB904C66C2CA}.AppStore|iPhone.Deploy.0 = Debug|Any CPU
		{2BD7DD6A-1F1B-4E36-B728-AB904C66C2CA}.AppStore|iPhoneSimulator.ActiveCfg = Debug|Any CPU
		{2BD7DD6A-1F1B-4E36-B728-AB904C66C2CA}.AppStore|iPhoneSimulator.Build.0 = Debug|Any CPU
		{2BD7DD6A-1F1B-4E36-B728-AB904C66C2CA}.AppStore|iPhoneSimulator.Deploy.0 = Debug|Any CPU
		{2BD7DD6A-1F1B-4E36-B728-AB904C66C2CA}.Debug|Any CPU.ActiveCfg = Debug|Any CPU
		{2BD7DD6A-1F1B-4E36-B728-AB904C66C2CA}.Debug|Any CPU.Build.0 = Debug|Any CPU
		{2BD7DD6A-1F1B-4E36-B728-AB904C66C2CA}.Debug|Any CPU.Deploy.0 = Debug|Any CPU
		{2BD7DD6A-1F1B-4E36-B728-AB904C66C2CA}.Debug|iPhone.ActiveCfg = Debug|Any CPU
		{2BD7DD6A-1F1B-4E36-B728-AB904C66C2CA}.Debug|iPhone.Build.0 = Debug|Any CPU
		{2BD7DD6A-1F1B-4E36-B728-AB904C66C2CA}.Debug|iPhone.Deploy.0 = Debug|Any CPU
		{2BD7DD6A-1F1B-4E36-B728-AB904C66C2CA}.Debug|iPhoneSimulator.ActiveCfg = Debug|Any CPU
		{2BD7DD6A-1F1B-4E36-B728-AB904C66C2CA}.Debug|iPhoneSimulator.Build.0 = Debug|Any CPU
		{2BD7DD6A-1F1B-4E36-B728-AB904C66C2CA}.Debug|iPhoneSimulator.Deploy.0 = Debug|Any CPU
		{2BD7DD6A-1F1B-4E36-B728-AB904C66C2CA}.Release|Any CPU.ActiveCfg = Release|Any CPU
		{2BD7DD6A-1F1B-4E36-B728-AB904C66C2CA}.Release|Any CPU.Build.0 = Release|Any CPU
		{2BD7DD6A-1F1B-4E36-B728-AB904C66C2CA}.Release|Any CPU.Deploy.0 = Release|Any CPU
		{2BD7DD6A-1F1B-4E36-B728-AB904C66C2CA}.Release|iPhone.ActiveCfg = Release|Any CPU
		{2BD7DD6A-1F1B-4E36-B728-AB904C66C2CA}.Release|iPhone.Build.0 = Release|Any CPU
		{2BD7DD6A-1F1B-4E36-B728-AB904C66C2CA}.Release|iPhone.Deploy.0 = Release|Any CPU
		{2BD7DD6A-1F1B-4E36-B728-AB904C66C2CA}.Release|iPhoneSimulator.ActiveCfg = Release|Any CPU
		{2BD7DD6A-1F1B-4E36-B728-AB904C66C2CA}.Release|iPhoneSimulator.Build.0 = Release|Any CPU
		{2BD7DD6A-1F1B-4E36-B728-AB904C66C2CA}.Release|iPhoneSimulator.Deploy.0 = Release|Any CPU
		{9CC13F1C-D8DE-4A26-AB9A-01B492E65E5C}.Ad-Hoc|Any CPU.ActiveCfg = Release|Any CPU
		{9CC13F1C-D8DE-4A26-AB9A-01B492E65E5C}.Ad-Hoc|Any CPU.Build.0 = Release|Any CPU
		{9CC13F1C-D8DE-4A26-AB9A-01B492E65E5C}.Ad-Hoc|iPhone.ActiveCfg = Release|Any CPU
		{9CC13F1C-D8DE-4A26-AB9A-01B492E65E5C}.Ad-Hoc|iPhone.Build.0 = Release|Any CPU
		{9CC13F1C-D8DE-4A26-AB9A-01B492E65E5C}.Ad-Hoc|iPhoneSimulator.ActiveCfg = Release|Any CPU
		{9CC13F1C-D8DE-4A26-AB9A-01B492E65E5C}.Ad-Hoc|iPhoneSimulator.Build.0 = Release|Any CPU
		{9CC13F1C-D8DE-4A26-AB9A-01B492E65E5C}.AppStore|Any CPU.ActiveCfg = Release|Any CPU
		{9CC13F1C-D8DE-4A26-AB9A-01B492E65E5C}.AppStore|Any CPU.Build.0 = Release|Any CPU
		{9CC13F1C-D8DE-4A26-AB9A-01B492E65E5C}.AppStore|iPhone.ActiveCfg = Release|Any CPU
		{9CC13F1C-D8DE-4A26-AB9A-01B492E65E5C}.AppStore|iPhone.Build.0 = Release|Any CPU
		{9CC13F1C-D8DE-4A26-AB9A-01B492E65E5C}.AppStore|iPhoneSimulator.ActiveCfg = Release|Any CPU
		{9CC13F1C-D8DE-4A26-AB9A-01B492E65E5C}.AppStore|iPhoneSimulator.Build.0 = Release|Any CPU
		{9CC13F1C-D8DE-4A26-AB9A-01B492E65E5C}.Debug|Any CPU.ActiveCfg = Debug|Any CPU
		{9CC13F1C-D8DE-4A26-AB9A-01B492E65E5C}.Debug|Any CPU.Build.0 = Debug|Any CPU
		{9CC13F1C-D8DE-4A26-AB9A-01B492E65E5C}.Debug|iPhone.ActiveCfg = Debug|Any CPU
		{9CC13F1C-D8DE-4A26-AB9A-01B492E65E5C}.Debug|iPhone.Build.0 = Debug|Any CPU
		{9CC13F1C-D8DE-4A26-AB9A-01B492E65E5C}.Debug|iPhoneSimulator.ActiveCfg = Debug|Any CPU
		{9CC13F1C-D8DE-4A26-AB9A-01B492E65E5C}.Debug|iPhoneSimulator.Build.0 = Debug|Any CPU
		{9CC13F1C-D8DE-4A26-AB9A-01B492E65E5C}.Release|Any CPU.ActiveCfg = Release|Any CPU
		{9CC13F1C-D8DE-4A26-AB9A-01B492E65E5C}.Release|Any CPU.Build.0 = Release|Any CPU
		{9CC13F1C-D8DE-4A26-AB9A-01B492E65E5C}.Release|iPhone.ActiveCfg = Release|Any CPU
		{9CC13F1C-D8DE-4A26-AB9A-01B492E65E5C}.Release|iPhone.Build.0 = Release|Any CPU
		{9CC13F1C-D8DE-4A26-AB9A-01B492E65E5C}.Release|iPhoneSimulator.ActiveCfg = Release|Any CPU
		{9CC13F1C-D8DE-4A26-AB9A-01B492E65E5C}.Release|iPhoneSimulator.Build.0 = Release|Any CPU
	EndGlobalSection
	GlobalSection(SolutionProperties) = preSolution
		HideSolutionNode = FALSE
	EndGlobalSection
	GlobalSection(ExtensibilityGlobals) = postSolution
		SolutionGuid = {9B259897-A069-4378-A547-607636DB96EB}
	EndGlobalSection
EndGlobal
